github.com/pkg/errors v0.8.1 h1:iURUrRGxPUNPdy5/HRSm+Yj6okJ6UtLINN0Q9M4+h3I=
github.com/pkg/errors v0.8.1/go.mod h1:bwawxfHBFNV+L2hUp1rHADufV3IMtnDRdf1r5NINEl0=
github.com/seccomp/libseccomp-golang v0.9.1 h1:NJjM5DNFOs0s3kYE1WUOr6G8V97sdt46rlXTMfXGWBo=
github.com/seccomp/libseccomp-golang v0.9.1/go.mod h1:GbW5+tmTXfcxTToHLXlScSlAvWlF4P2Ca7zGrPiEpWo=
